
Microsoft Visual Studio Solution File, Format Version 11.00
# Visual Studio 2010
Project("{FAE04EC0-301F-11D3-BF4B-00C04F79EFBC}") = "Graph", "Breadth first search\Graph.csproj", "{E6B62FF5-36AD-4433-866D-0064BE25F50E}"
EndProject
Global
	GlobalSection(SolutionConfigurationPlatforms) = preSolution
		Debug|x86 = Debug|x86
		Release|x86 = Release|x86
	EndGlobalSection
	GlobalSection(ProjectConfigurationPlatforms) = postSolution
		{E6B62FF5-36AD-4433-866D-0064BE25F50E}.Debug|x86.ActiveCfg = Debug|x86
		{E6B62FF5-36AD-4433-866D-0064BE25F50E}.Debug|x86.Build.0 = Debug|x86
		{E6B62FF5-36AD-4433-866D-0064BE25F50E}.Release|x86.ActiveCfg = Release|x86
		{E6B62FF5-36AD-4433-866D-0064BE25F50E}.Release|x86.Build.0 = Release|x86
	EndGlobalSection
	GlobalSection(SolutionProperties) = preSolution
		HideSolutionNode = FALSE
	EndGlobalSection
EndGlobal
